
Microsoft Visual Studio Solution File, Format Version 12.00
# Visual Studio Version 17
VisualStudioVersion = 17.4.33213.308
MinimumVisualStudioVersion = 10.0.40219.1
Project("{FAE04EC0-301F-11D3-BF4B-00C04F79EFBC}") = "LaserTraderApi", "LaserTraderApi\LaserTraderApi.csproj", "{D203C4F2-51EB-4C9A-BCA7-D64068BDDEBE}"
EndProject
Global
	GlobalSection(SolutionConfigurationPlatforms) = preSolution
		Debug|Any CPU = Debug|Any CPU
		Release|Any CPU = Release|Any CPU
	EndGlobalSection
	GlobalSection(ProjectConfigurationPlatforms) = postSolution
		{D203C4F2-51EB-4C9A-BCA7-D64068BDDEBE}.Debug|Any CPU.ActiveCfg = Debug|Any CPU
		{D203C4F2-51EB-4C9A-BCA7-D64068BDDEBE}.Debug|Any CPU.Build.0 = Debug|Any CPU
		{D203C4F2-51EB-4C9A-BCA7-D64068BDDEBE}.Release|Any CPU.ActiveCfg = Release|Any CPU
		{D203C4F2-51EB-4C9A-BCA7-D64068BDDEBE}.Release|Any CPU.Build.0 = Release|Any CPU
	EndGlobalSection
	GlobalSection(SolutionProperties) = preSolution
		HideSolutionNode = FALSE
	EndGlobalSection
	GlobalSection(ExtensibilityGlobals) = postSolution
		SolutionGuid = {A74835E8-4858-400A-AEAF-B8F095C8026B}
	EndGlobalSection
EndGlobal
