Microsoft Visual Studio Solution File, Format Version 12.00
# Visual Studio Version 16
VisualStudioVersion = 16.0.30517.126
MinimumVisualStudioVersion = 10.0.40219.1
Project("{9A19103F-16F7-4668-BE54-9A1E7A4F7556}") = "wgfapp.UWP", "wgfapp\wgfapp.UWP\wgfapp.UWP.csproj", "{2EF447D1-A910-43C2-9D58-DDB14A2613BA}"
EndProject
Project("{9A19103F-16F7-4668-BE54-9A1E7A4F7556}") = "wgfapp.iOS", "wgfapp\wgfapp.iOS\wgfapp.iOS.csproj", "{F55C63D2-FCF4-4FFD-9F80-CBD9F8F01650}"
EndProject
Project("{9A19103F-16F7-4668-BE54-9A1E7A4F7556}") = "wgfapp.Service", "wgfapp.Service\wgfapp.Service.csproj", "{FDC9F9CF-941D-4DA0-8AEA-8A7CBF488A9D}"
EndProject
Project("{9A19103F-16F7-4668-BE54-9A1E7A4F7556}") = "wgfapp.Common", "wgfapp.Common\wgfapp.Common.csproj", "{C16ADF47-B483-4B58-9675-88939B481ED9}"
EndProject
Project("{FAE04EC0-301F-11D3-BF4B-00C04F79EFBC}") = "wgfapp.Android", "wgfapp\wgfapp.Android\wgfapp.Android.csproj", "{EA6AAD0D-62E8-4F72-8001-791174906880}"
EndProject
Project("{2150E333-8FDC-42A3-9474-1A3956D46DE8}") = "Libraries", "Libraries", "{3B7CEBBB-D844-475A-8511-33EBB26DF190}"
EndProject
Project("{9A19103F-16F7-4668-BE54-9A1E7A4F7556}") = "TEditor", "Libraries\TEditor\TEditor.csproj", "{7860368B-E639-48FB-B2DD-B506AD695D62}"
EndProject
Project("{FAE04EC0-301F-11D3-BF4B-00C04F79EFBC}") = "TEditor.Droid", "Libraries\TEditor.Droid\TEditor.Droid.csproj", "{2EE8A135-49D6-4E93-935A-AA1576203CE7}"
EndProject
Project("{FAE04EC0-301F-11D3-BF4B-00C04F79EFBC}") = "TEditor.iOS", "Libraries\TEditor.iOS\TEditor.iOS.csproj", "{928C0CD0-52B9-481D-840C-2555405D364B}"
EndProject
Project("{FAE04EC0-301F-11D3-BF4B-00C04F79EFBC}") = "wgfapp", "wgfapp\wgfapp\wgfapp.csproj", "{B3672DC0-5E1E-4C1E-9E32-6FE7E46627B2}"
EndProject
Global
	GlobalSection(SolutionConfigurationPlatforms) = preSolution
		Debug|Any CPU = Debug|Any CPU
		Debug|ARM = Debug|ARM
		Debug|iPhone = Debug|iPhone
		Debug|iPhoneSimulator = Debug|iPhoneSimulator
		Debug|x64 = Debug|x64
		Debug|x86 = Debug|x86
		Release|Any CPU = Release|Any CPU
		Release|ARM = Release|ARM
		Release|iPhone = Release|iPhone
		Release|iPhoneSimulator = Release|iPhoneSimulator
		Release|x64 = Release|x64
		Release|x86 = Release|x86
	EndGlobalSection
	GlobalSection(ProjectConfigurationPlatforms) = postSolution
		{2EF447D1-A910-43C2-9D58-DDB14A2613BA}.Debug|Any CPU.ActiveCfg = Debug|x86
		{2EF447D1-A910-43C2-9D58-DDB14A2613BA}.Debug|Any CPU.Build.0 = Debug|x86
		{2EF447D1-A910-43C2-9D58-DDB14A2613BA}.Debug|Any CPU.Deploy.0 = Debug|x86
		{2EF447D1-A910-43C2-9D58-DDB14A2613BA}.Debug|ARM.ActiveCfg = Debug|ARM
		{2EF447D1-A910-43C2-9D58-DDB14A2613BA}.Debug|ARM.Build.0 = Debug|ARM
		{2EF447D1-A910-43C2-9D58-DDB14A2613BA}.Debug|ARM.Deploy.0 = Debug|ARM
		{2EF447D1-A910-43C2-9D58-DDB14A2613BA}.Debug|iPhone.ActiveCfg = Debug|x86
		{2EF447D1-A910-43C2-9D58-DDB14A2613BA}.Debug|iPhoneSimulator.ActiveCfg = Debug|x86
		{2EF447D1-A910-43C2-9D58-DDB14A2613BA}.Debug|x64.ActiveCfg = Debug|x64
		{2EF447D1-A910-43C2-9D58-DDB14A2613BA}.Debug|x64.Build.0 = Debug|x64
		{2EF447D1-A910-43C2-9D58-DDB14A2613BA}.Debug|x64.Deploy.0 = Debug|x64
		{2EF447D1-A910-43C2-9D58-DDB14A2613BA}.Debug|x86.ActiveCfg = Debug|x86
		{2EF447D1-A910-43C2-9D58-DDB14A2613BA}.Debug|x86.Build.0 = Debug|x86
		{2EF447D1-A910-43C2-9D58-DDB14A2613BA}.Debug|x86.Deploy.0 = Debug|x86
		{2EF447D1-A910-43C2-9D58-DDB14A2613BA}.Release|Any CPU.ActiveCfg = Release|x86
		{2EF447D1-A910-43C2-9D58-DDB14A2613BA}.Release|ARM.ActiveCfg = Release|ARM
		{2EF447D1-A910-43C2-9D58-DDB14A2613BA}.Release|ARM.Build.0 = Release|ARM
		{2EF447D1-A910-43C2-9D58-DDB14A2613BA}.Release|ARM.Deploy.0 = Release|ARM
		{2EF447D1-A910-43C2-9D58-DDB14A2613BA}.Release|iPhone.ActiveCfg = Release|x86
		{2EF447D1-A910-43C2-9D58-DDB14A2613BA}.Release|iPhoneSimulator.ActiveCfg = Release|x86
		{2EF447D1-A910-43C2-9D58-DDB14A2613BA}.Release|x64.ActiveCfg = Release|x64
		{2EF447D1-A910-43C2-9D58-DDB14A2613BA}.Release|x64.Build.0 = Release|x64
		{2EF447D1-A910-43C2-9D58-DDB14A2613BA}.Release|x64.Deploy.0 = Release|x64
		{2EF447D1-A910-43C2-9D58-DDB14A2613BA}.Release|x86.ActiveCfg = Release|x86
		{2EF447D1-A910-43C2-9D58-DDB14A2613BA}.Release|x86.Build.0 = Release|x86
		{2EF447D1-A910-43C2-9D58-DDB14A2613BA}.Release|x86.Deploy.0 = Release|x86
		{F55C63D2-FCF4-4FFD-9F80-CBD9F8F01650}.Debug|Any CPU.ActiveCfg = Debug|iPhoneSimulator
		{F55C63D2-FCF4-4FFD-9F80-CBD9F8F01650}.Debug|Any CPU.Build.0 = Debug|iPhoneSimulator
		{F55C63D2-FCF4-4FFD-9F80-CBD9F8F01650}.Debug|ARM.ActiveCfg = Debug|iPhoneSimulator
		{F55C63D2-FCF4-4FFD-9F80-CBD9F8F01650}.Debug|iPhone.ActiveCfg = Debug|iPhone
		{F55C63D2-FCF4-4FFD-9F80-CBD9F8F01650}.Debug|iPhone.Build.0 = Debug|iPhone
		{F55C63D2-FCF4-4FFD-9F80-CBD9F8F01650}.Debug|iPhoneSimulator.ActiveCfg = Debug|iPhoneSimulator
		{F55C63D2-FCF4-4FFD-9F80-CBD9F8F01650}.Debug|iPhoneSimulator.Build.0 = Debug|iPhoneSimulator
		{F55C63D2-FCF4-4FFD-9F80-CBD9F8F01650}.Debug|x64.ActiveCfg = Debug|iPhoneSimulator
		{F55C63D2-FCF4-4FFD-9F80-CBD9F8F01650}.Debug|x86.ActiveCfg = Debug|iPhoneSimulator
		{F55C63D2-FCF4-4FFD-9F80-CBD9F8F01650}.Release|Any CPU.ActiveCfg = Release|iPhoneSimulator
		{F55C63D2-FCF4-4FFD-9F80-CBD9F8F01650}.Release|ARM.ActiveCfg = Release|iPhoneSimulator
		{F55C63D2-FCF4-4FFD-9F80-CBD9F8F01650}.Release|iPhone.ActiveCfg = Release|iPhone
		{F55C63D2-FCF4-4FFD-9F80-CBD9F8F01650}.Release|iPhone.Build.0 = Release|iPhone
		{F55C63D2-FCF4-4FFD-9F80-CBD9F8F01650}.Release|iPhoneSimulator.ActiveCfg = Release|iPhoneSimulator
		{F55C63D2-FCF4-4FFD-9F80-CBD9F8F01650}.Release|iPhoneSimulator.Build.0 = Release|iPhoneSimulator
		{F55C63D2-FCF4-4FFD-9F80-CBD9F8F01650}.Release|x64.ActiveCfg = Release|iPhoneSimulator
		{F55C63D2-FCF4-4FFD-9F80-CBD9F8F01650}.Release|x86.ActiveCfg = Release|iPhoneSimulator
		{FDC9F9CF-941D-4DA0-8AEA-8A7CBF488A9D}.Debug|Any CPU.ActiveCfg = Debug|Any CPU
		{FDC9F9CF-941D-4DA0-8AEA-8A7CBF488A9D}.Debug|Any CPU.Build.0 = Debug|Any CPU
		{FDC9F9CF-941D-4DA0-8AEA-8A7CBF488A9D}.Debug|ARM.ActiveCfg = Debug|Any CPU
		{FDC9F9CF-941D-4DA0-8AEA-8A7CBF488A9D}.Debug|ARM.Build.0 = Debug|Any CPU
		{FDC9F9CF-941D-4DA0-8AEA-8A7CBF488A9D}.Debug|iPhone.ActiveCfg = Debug|Any CPU
		{FDC9F9CF-941D-4DA0-8AEA-8A7CBF488A9D}.Debug|iPhone.Build.0 = Debug|Any CPU
		{FDC9F9CF-941D-4DA0-8AEA-8A7CBF488A9D}.Debug|iPhoneSimulator.ActiveCfg = Debug|Any CPU
		{FDC9F9CF-941D-4DA0-8AEA-8A7CBF488A9D}.Debug|iPhoneSimulator.Build.0 = Debug|Any CPU
		{FDC9F9CF-941D-4DA0-8AEA-8A7CBF488A9D}.Debug|x64.ActiveCfg = Debug|Any CPU
		{FDC9F9CF-941D-4DA0-8AEA-8A7CBF488A9D}.Debug|x64.Build.0 = Debug|Any CPU
		{FDC9F9CF-941D-4DA0-8AEA-8A7CBF488A9D}.Debug|x86.ActiveCfg = Debug|Any CPU
		{FDC9F9CF-941D-4DA0-8AEA-8A7CBF488A9D}.Debug|x86.Build.0 = Debug|Any CPU
		{FDC9F9CF-941D-4DA0-8AEA-8A7CBF488A9D}.Release|Any CPU.ActiveCfg = Release|Any CPU
		{FDC9F9CF-941D-4DA0-8AEA-8A7CBF488A9D}.Release|Any CPU.Build.0 = Release|Any CPU
		{FDC9F9CF-941D-4DA0-8AEA-8A7CBF488A9D}.Release|ARM.ActiveCfg = Release|Any CPU
		{FDC9F9CF-941D-4DA0-8AEA-8A7CBF488A9D}.Release|ARM.Build.0 = Release|Any CPU
		{FDC9F9CF-941D-4DA0-8AEA-8A7CBF488A9D}.Release|iPhone.ActiveCfg = Release|Any CPU
		{FDC9F9CF-941D-4DA0-8AEA-8A7CBF488A9D}.Release|iPhone.Build.0 = Release|Any CPU
		{FDC9F9CF-941D-4DA0-8AEA-8A7CBF488A9D}.Release|iPhoneSimulator.ActiveCfg = Release|Any CPU
		{FDC9F9CF-941D-4DA0-8AEA-8A7CBF488A9D}.Release|iPhoneSimulator.Build.0 = Release|Any CPU
		{FDC9F9CF-941D-4DA0-8AEA-8A7CBF488A9D}.Release|x64.ActiveCfg = Release|Any CPU
		{FDC9F9CF-941D-4DA0-8AEA-8A7CBF488A9D}.Release|x64.Build.0 = Release|Any CPU
		{FDC9F9CF-941D-4DA0-8AEA-8A7CBF488A9D}.Release|x86.ActiveCfg = Release|Any CPU
		{FDC9F9CF-941D-4DA0-8AEA-8A7CBF488A9D}.Release|x86.Build.0 = Release|Any CPU
		{C16ADF47-B483-4B58-9675-88939B481ED9}.Debug|Any CPU.ActiveCfg = Debug|Any CPU
		{C16ADF47-B483-4B58-9675-88939B481ED9}.Debug|Any CPU.Build.0 = Debug|Any CPU
		{C16ADF47-B483-4B58-9675-88939B481ED9}.Debug|ARM.ActiveCfg = Debug|Any CPU
		{C16ADF47-B483-4B58-9675-88939B481ED9}.Debug|ARM.Build.0 = Debug|Any CPU
		{C16ADF47-B483-4B58-9675-88939B481ED9}.Debug|iPhone.ActiveCfg = Debug|Any CPU
		{C16ADF47-B483-4B58-9675-88939B481ED9}.Debug|iPhone.Build.0 = Debug|Any CPU
		{C16ADF47-B483-4B58-9675-88939B481ED9}.Debug|iPhoneSimulator.ActiveCfg = Debug|Any CPU
		{C16ADF47-B483-4B58-9675-88939B481ED9}.Debug|iPhoneSimulator.Build.0 = Debug|Any CPU
		{C16ADF47-B483-4B58-9675-88939B481ED9}.Debug|x64.ActiveCfg = Debug|Any CPU
		{C16ADF47-B483-4B58-9675-88939B481ED9}.Debug|x64.Build.0 = Debug|Any CPU
		{C16ADF47-B483-4B58-9675-88939B481ED9}.Debug|x86.ActiveCfg = Debug|Any CPU
		{C16ADF47-B483-4B58-9675-88939B481ED9}.Debug|x86.Build.0 = Debug|Any CPU
		{C16ADF47-B483-4B58-9675-88939B481ED9}.Release|Any CPU.ActiveCfg = Release|Any CPU
		{C16ADF47-B483-4B58-9675-88939B481ED9}.Release|Any CPU.Build.0 = Release|Any CPU
		{C16ADF47-B483-4B58-9675-88939B481ED9}.Release|ARM.ActiveCfg = Release|Any CPU
		{C16ADF47-B483-4B58-9675-88939B481ED9}.Release|ARM.Build.0 = Release|Any CPU
		{C16ADF47-B483-4B58-9675-88939B481ED9}.Release|iPhone.ActiveCfg = Release|Any CPU
		{C16ADF47-B483-4B58-9675-88939B481ED9}.Release|iPhone.Build.0 = Release|Any CPU
		{C16ADF47-B483-4B58-9675-88939B481ED9}.Release|iPhoneSimulator.ActiveCfg = Release|Any CPU
		{C16ADF47-B483-4B58-9675-88939B481ED9}.Release|iPhoneSimulator.Build.0 = Release|Any CPU
		{C16ADF47-B483-4B58-9675-88939B481ED9}.Release|x64.ActiveCfg = Release|Any CPU
		{C16ADF47-B483-4B58-9675-88939B481ED9}.Release|x64.Build.0 = Release|Any CPU
		{C16ADF47-B483-4B58-9675-88939B481ED9}.Release|x86.ActiveCfg = Release|Any CPU
		{C16ADF47-B483-4B58-9675-88939B481ED9}.Release|x86.Build.0 = Release|Any CPU
		{EA6AAD0D-62E8-4F72-8001-791174906880}.Debug|Any CPU.ActiveCfg = Debug|Any CPU
		{EA6AAD0D-62E8-4F72-8001-791174906880}.Debug|Any CPU.Build.0 = Debug|Any CPU
		{EA6AAD0D-62E8-4F72-8001-791174906880}.Debug|Any CPU.Deploy.0 = Debug|Any CPU
		{EA6AAD0D-62E8-4F72-8001-791174906880}.Debug|ARM.ActiveCfg = Debug|Any CPU
		{EA6AAD0D-62E8-4F72-8001-791174906880}.Debug|ARM.Build.0 = Debug|Any CPU
		{EA6AAD0D-62E8-4F72-8001-791174906880}.Debug|ARM.Deploy.0 = Debug|Any CPU
		{EA6AAD0D-62E8-4F72-8001-791174906880}.Debug|iPhone.ActiveCfg = Debug|Any CPU
		{EA6AAD0D-62E8-4F72-8001-791174906880}.Debug|iPhone.Build.0 = Debug|Any CPU
		{EA6AAD0D-62E8-4F72-8001-791174906880}.Debug|iPhone.Deploy.0 = Debug|Any CPU
		{EA6AAD0D-62E8-4F72-8001-791174906880}.Debug|iPhoneSimulator.ActiveCfg = Debug|Any CPU
		{EA6AAD0D-62E8-4F72-8001-791174906880}.Debug|iPhoneSimulator.Build.0 = Debug|Any CPU
		{EA6AAD0D-62E8-4F72-8001-791174906880}.Debug|iPhoneSimulator.Deploy.0 = Debug|Any CPU
		{EA6AAD0D-62E8-4F72-8001-791174906880}.Debug|x64.ActiveCfg = Debug|Any CPU
		{EA6AAD0D-62E8-4F72-8001-791174906880}.Debug|x64.Build.0 = Debug|Any CPU
		{EA6AAD0D-62E8-4F72-8001-791174906880}.Debug|x64.Deploy.0 = Debug|Any CPU
		{EA6AAD0D-62E8-4F72-8001-791174906880}.Debug|x86.ActiveCfg = Debug|Any CPU
		{EA6AAD0D-62E8-4F72-8001-791174906880}.Debug|x86.Build.0 = Debug|Any CPU
		{EA6AAD0D-62E8-4F72-8001-791174906880}.Debug|x86.Deploy.0 = Debug|Any CPU
		{EA6AAD0D-62E8-4F72-8001-791174906880}.Release|Any CPU.ActiveCfg = Release|Any CPU
		{EA6AAD0D-62E8-4F72-8001-791174906880}.Release|Any CPU.Build.0 = Release|Any CPU
		{EA6AAD0D-62E8-4F72-8001-791174906880}.Release|Any CPU.Deploy.0 = Release|Any CPU
		{EA6AAD0D-62E8-4F72-8001-791174906880}.Release|ARM.ActiveCfg = Release|Any CPU
		{EA6AAD0D-62E8-4F72-8001-791174906880}.Release|ARM.Build.0 = Release|Any CPU
		{EA6AAD0D-62E8-4F72-8001-791174906880}.Release|ARM.Deploy.0 = Release|Any CPU
		{EA6AAD0D-62E8-4F72-8001-791174906880}.Release|iPhone.ActiveCfg = Release|Any CPU
		{EA6AAD0D-62E8-4F72-8001-791174906880}.Release|iPhone.Build.0 = Release|Any CPU
		{EA6AAD0D-62E8-4F72-8001-791174906880}.Release|iPhone.Deploy.0 = Release|Any CPU
		{EA6AAD0D-62E8-4F72-8001-791174906880}.Release|iPhoneSimulator.ActiveCfg = Release|Any CPU
		{EA6AAD0D-62E8-4F72-8001-791174906880}.Release|iPhoneSimulator.Build.0 = Release|Any CPU
		{EA6AAD0D-62E8-4F72-8001-791174906880}.Release|iPhoneSimulator.Deploy.0 = Release|Any CPU
		{EA6AAD0D-62E8-4F72-8001-791174906880}.Release|x64.ActiveCfg = Release|Any CPU
		{EA6AAD0D-62E8-4F72-8001-791174906880}.Release|x64.Build.0 = Release|Any CPU
		{EA6AAD0D-62E8-4F72-8001-791174906880}.Release|x64.Deploy.0 = Release|Any CPU
		{EA6AAD0D-62E8-4F72-8001-791174906880}.Release|x86.ActiveCfg = Release|Any CPU
		{EA6AAD0D-62E8-4F72-8001-791174906880}.Release|x86.Build.0 = Release|Any CPU
		{EA6AAD0D-62E8-4F72-8001-791174906880}.Release|x86.Deploy.0 = Release|Any CPU
		{7860368B-E639-48FB-B2DD-B506AD695D62}.Debug|Any CPU.ActiveCfg = Debug|Any CPU
		{7860368B-E639-48FB-B2DD-B506AD695D62}.Debug|Any CPU.Build.0 = Debug|Any CPU
		{7860368B-E639-48FB-B2DD-B506AD695D62}.Debug|ARM.ActiveCfg = Debug|Any CPU
		{7860368B-E639-48FB-B2DD-B506AD695D62}.Debug|ARM.Build.0 = Debug|Any CPU
		{7860368B-E639-48FB-B2DD-B506AD695D62}.Debug|iPhone.ActiveCfg = Debug|Any CPU
		{7860368B-E639-48FB-B2DD-B506AD695D62}.Debug|iPhone.Build.0 = Debug|Any CPU
		{7860368B-E639-48FB-B2DD-B506AD695D62}.Debug|iPhoneSimulator.ActiveCfg = Debug|Any CPU
		{7860368B-E639-48FB-B2DD-B506AD695D62}.Debug|iPhoneSimulator.Build.0 = Debug|Any CPU
		{7860368B-E639-48FB-B2DD-B506AD695D62}.Debug|x64.ActiveCfg = Debug|Any CPU
		{7860368B-E639-48FB-B2DD-B506AD695D62}.Debug|x64.Build.0 = Debug|Any CPU
		{7860368B-E639-48FB-B2DD-B506AD695D62}.Debug|x86.ActiveCfg = Debug|Any CPU
		{7860368B-E639-48FB-B2DD-B506AD695D62}.Debug|x86.Build.0 = Debug|Any CPU
		{7860368B-E639-48FB-B2DD-B506AD695D62}.Release|Any CPU.ActiveCfg = Release|Any CPU
		{7860368B-E639-48FB-B2DD-B506AD695D62}.Release|Any CPU.Build.0 = Release|Any CPU
		{7860368B-E639-48FB-B2DD-B506AD695D62}.Release|ARM.ActiveCfg = Release|Any CPU
		{7860368B-E639-48FB-B2DD-B506AD695D62}.Release|ARM.Build.0 = Release|Any CPU
		{7860368B-E639-48FB-B2DD-B506AD695D62}.Release|iPhone.ActiveCfg = Release|Any CPU
		{7860368B-E639-48FB-B2DD-B506AD695D62}.Release|iPhone.Build.0 = Release|Any CPU
		{7860368B-E639-48FB-B2DD-B506AD695D62}.Release|iPhoneSimulator.ActiveCfg = Release|Any CPU
		{7860368B-E639-48FB-B2DD-B506AD695D62}.Release|iPhoneSimulator.Build.0 = Release|Any CPU
		{7860368B-E639-48FB-B2DD-B506AD695D62}.Release|x64.ActiveCfg = Release|Any CPU
		{7860368B-E639-48FB-B2DD-B506AD695D62}.Release|x64.Build.0 = Release|Any CPU
		{7860368B-E639-48FB-B2DD-B506AD695D62}.Release|x86.ActiveCfg = Release|Any CPU
		{7860368B-E639-48FB-B2DD-B506AD695D62}.Release|x86.Build.0 = Release|Any CPU
		{2EE8A135-49D6-4E93-935A-AA1576203CE7}.Debug|Any CPU.ActiveCfg = Debug|Any CPU
		{2EE8A135-49D6-4E93-935A-AA1576203CE7}.Debug|Any CPU.Build.0 = Debug|Any CPU
		{2EE8A135-49D6-4E93-935A-AA1576203CE7}.Debug|ARM.ActiveCfg = Debug|Any CPU
		{2EE8A135-49D6-4E93-935A-AA1576203CE7}.Debug|ARM.Build.0 = Debug|Any CPU
		{2EE8A135-49D6-4E93-935A-AA1576203CE7}.Debug|iPhone.ActiveCfg = Debug|Any CPU
		{2EE8A135-49D6-4E93-935A-AA1576203CE7}.Debug|iPhone.Build.0 = Debug|Any CPU
		{2EE8A135-49D6-4E93-935A-AA1576203CE7}.Debug|iPhoneSimulator.ActiveCfg = Debug|Any CPU
		{2EE8A135-49D6-4E93-935A-AA1576203CE7}.Debug|iPhoneSimulator.Build.0 = Debug|Any CPU
		{2EE8A135-49D6-4E93-935A-AA1576203CE7}.Debug|x64.ActiveCfg = Debug|Any CPU
		{2EE8A135-49D6-4E93-935A-AA1576203CE7}.Debug|x64.Build.0 = Debug|Any CPU
		{2EE8A135-49D6-4E93-935A-AA1576203CE7}.Debug|x86.ActiveCfg = Debug|Any CPU
		{2EE8A135-49D6-4E93-935A-AA1576203CE7}.Debug|x86.Build.0 = Debug|Any CPU
		{2EE8A135-49D6-4E93-935A-AA1576203CE7}.Release|Any CPU.ActiveCfg = Release|Any CPU
		{2EE8A135-49D6-4E93-935A-AA1576203CE7}.Release|Any CPU.Build.0 = Release|Any CPU
		{2EE8A135-49D6-4E93-935A-AA1576203CE7}.Release|ARM.ActiveCfg = Release|Any CPU
		{2EE8A135-49D6-4E93-935A-AA1576203CE7}.Release|ARM.Build.0 = Release|Any CPU
		{2EE8A135-49D6-4E93-935A-AA1576203CE7}.Release|iPhone.ActiveCfg = Release|Any CPU
		{2EE8A135-49D6-4E93-935A-AA1576203CE7}.Release|iPhone.Build.0 = Release|Any CPU
		{2EE8A135-49D6-4E93-935A-AA1576203CE7}.Release|iPhoneSimulator.ActiveCfg = Release|Any CPU
		{2EE8A135-49D6-4E93-935A-AA1576203CE7}.Release|iPhoneSimulator.Build.0 = Release|Any CPU
		{2EE8A135-49D6-4E93-935A-AA1576203CE7}.Release|x64.ActiveCfg = Release|Any CPU
		{2EE8A135-49D6-4E93-935A-AA1576203CE7}.Release|x64.Build.0 = Release|Any CPU
		{2EE8A135-49D6-4E93-935A-AA1576203CE7}.Release|x86.ActiveCfg = Release|Any CPU
		{2EE8A135-49D6-4E93-935A-AA1576203CE7}.Release|x86.Build.0 = Release|Any CPU
		{928C0CD0-52B9-481D-840C-2555405D364B}.Debug|Any CPU.ActiveCfg = Debug|Any CPU
		{928C0CD0-52B9-481D-840C-2555405D364B}.Debug|Any CPU.Build.0 = Debug|Any CPU
		{928C0CD0-52B9-481D-840C-2555405D364B}.Debug|ARM.ActiveCfg = Debug|Any CPU
		{928C0CD0-52B9-481D-840C-2555405D364B}.Debug|ARM.Build.0 = Debug|Any CPU
		{928C0CD0-52B9-481D-840C-2555405D364B}.Debug|iPhone.ActiveCfg = Debug|Any CPU
		{928C0CD0-52B9-481D-840C-2555405D364B}.Debug|iPhone.Build.0 = Debug|Any CPU
		{928C0CD0-52B9-481D-840C-2555405D364B}.Debug|iPhoneSimulator.ActiveCfg = Debug|Any CPU
		{928C0CD0-52B9-481D-840C-2555405D364B}.Debug|iPhoneSimulator.Build.0 = Debug|Any CPU
		{928C0CD0-52B9-481D-840C-2555405D364B}.Debug|x64.ActiveCfg = Debug|Any CPU
		{928C0CD0-52B9-481D-840C-2555405D364B}.Debug|x64.Build.0 = Debug|Any CPU
		{928C0CD0-52B9-481D-840C-2555405D364B}.Debug|x86.ActiveCfg = Debug|Any CPU
		{928C0CD0-52B9-481D-840C-2555405D364B}.Debug|x86.Build.0 = Debug|Any CPU
		{928C0CD0-52B9-481D-840C-2555405D364B}.Release|Any CPU.ActiveCfg = Release|Any CPU
		{928C0CD0-52B9-481D-840C-2555405D364B}.Release|Any CPU.Build.0 = Release|Any CPU
		{928C0CD0-52B9-481D-840C-2555405D364B}.Release|ARM.ActiveCfg = Release|Any CPU
		{928C0CD0-52B9-481D-840C-2555405D364B}.Release|ARM.Build.0 = Release|Any CPU
		{928C0CD0-52B9-481D-840C-2555405D364B}.Release|iPhone.ActiveCfg = Release|Any CPU
		{928C0CD0-52B9-481D-840C-2555405D364B}.Release|iPhone.Build.0 = Release|Any CPU
		{928C0CD0-52B9-481D-840C-2555405D364B}.Release|iPhoneSimulator.ActiveCfg = Release|Any CPU
		{928C0CD0-52B9-481D-840C-2555405D364B}.Release|iPhoneSimulator.Build.0 = Release|Any CPU
		{928C0CD0-52B9-481D-840C-2555405D364B}.Release|x64.ActiveCfg = Release|Any CPU
		{928C0CD0-52B9-481D-840C-2555405D364B}.Release|x64.Build.0 = Release|Any CPU
		{928C0CD0-52B9-481D-840C-2555405D364B}.Release|x86.ActiveCfg = Release|Any CPU
		{928C0CD0-52B9-481D-840C-2555405D364B}.Release|x86.Build.0 = Release|Any CPU
		{B3672DC0-5E1E-4C1E-9E32-6FE7E46627B2}.Debug|Any CPU.ActiveCfg = Debug|Any CPU
		{B3672DC0-5E1E-4C1E-9E32-6FE7E46627B2}.Debug|Any CPU.Build.0 = Debug|Any CPU
		{B3672DC0-5E1E-4C1E-9E32-6FE7E46627B2}.Debug|ARM.ActiveCfg = Debug|Any CPU
		{B3672DC0-5E1E-4C1E-9E32-6FE7E46627B2}.Debug|ARM.Build.0 = Debug|Any CPU
		{B3672DC0-5E1E-4C1E-9E32-6FE7E46627B2}.Debug|iPhone.ActiveCfg = Debug|Any CPU
		{B3672DC0-5E1E-4C1E-9E32-6FE7E46627B2}.Debug|iPhone.Build.0 = Debug|Any CPU
		{B3672DC0-5E1E-4C1E-9E32-6FE7E46627B2}.Debug|iPhoneSimulator.ActiveCfg = Debug|Any CPU
		{B3672DC0-5E1E-4C1E-9E32-6FE7E46627B2}.Debug|iPhoneSimulator.Build.0 = Debug|Any CPU
		{B3672DC0-5E1E-4C1E-9E32-6FE7E46627B2}.Debug|x64.ActiveCfg = Debug|Any CPU
		{B3672DC0-5E1E-4C1E-9E32-6FE7E46627B2}.Debug|x64.Build.0 = Debug|Any CPU
		{B3672DC0-5E1E-4C1E-9E32-6FE7E46627B2}.Debug|x86.ActiveCfg = Debug|Any CPU
		{B3672DC0-5E1E-4C1E-9E32-6FE7E46627B2}.Debug|x86.Build.0 = Debug|Any CPU
		{B3672DC0-5E1E-4C1E-9E32-6FE7E46627B2}.Release|Any CPU.ActiveCfg = Release|Any CPU
		{B3672DC0-5E1E-4C1E-9E32-6FE7E46627B2}.Release|Any CPU.Build.0 = Release|Any CPU
		{B3672DC0-5E1E-4C1E-9E32-6FE7E46627B2}.Release|ARM.ActiveCfg = Release|Any CPU
		{B3672DC0-5E1E-4C1E-9E32-6FE7E46627B2}.Release|ARM.Build.0 = Release|Any CPU
		{B3672DC0-5E1E-4C1E-9E32-6FE7E46627B2}.Release|iPhone.ActiveCfg = Release|Any CPU
		{B3672DC0-5E1E-4C1E-9E32-6FE7E46627B2}.Release|iPhone.Build.0 = Release|Any CPU
		{B3672DC0-5E1E-4C1E-9E32-6FE7E46627B2}.Release|iPhoneSimulator.ActiveCfg = Release|Any CPU
		{B3672DC0-5E1E-4C1E-9E32-6FE7E46627B2}.Release|iPhoneSimulator.Build.0 = Release|Any CPU
		{B3672DC0-5E1E-4C1E-9E32-6FE7E46627B2}.Release|x64.ActiveCfg = Release|Any CPU
		{B3672DC0-5E1E-4C1E-9E32-6FE7E46627B2}.Release|x64.Build.0 = Release|Any CPU
		{B3672DC0-5E1E-4C1E-9E32-6FE7E46627B2}.Release|x86.ActiveCfg = Release|Any CPU
		{B3672DC0-5E1E-4C1E-9E32-6FE7E46627B2}.Release|x86.Build.0 = Release|Any CPU
	EndGlobalSection
	GlobalSection(SolutionProperties) = preSolution
		HideSolutionNode = FALSE
	EndGlobalSection
	GlobalSection(NestedProjects) = preSolution
		{7860368B-E639-48FB-B2DD-B506AD695D62} = {3B7CEBBB-D844-475A-8511-33EBB26DF190}
		{2EE8A135-49D6-4E93-935A-AA1576203CE7} = {3B7CEBBB-D844-475A-8511-33EBB26DF190}
		{928C0CD0-52B9-481D-840C-2555405D364B} = {3B7CEBBB-D844-475A-8511-33EBB26DF190}
	EndGlobalSection
	GlobalSection(ExtensibilityGlobals) = postSolution
		SolutionGuid = {CC74DBEF-C683-45F6-8DC0-F44F9CF8E322}
	EndGlobalSection
EndGlobal
